---
lockfileVersion: '9.0'

importers:

  .:
    configDependencies: {}
    packageManagerDependencies:
      '@pnpm/exe':
        specifier: ^11
        version: 11.10.0
      pnpm:
        specifier: ^11
        version: 11.10.0

packages:

  '@pnpm/exe@11.10.0':
    resolution: {integrity: sha512-mrmfi2C7LpZkyq0voKKye6MzrK8/K7tYQRiSB/jqOiwnFtQxxcA3xGTY9cEsrGpNl2ClPecQofLuj+BO8AIsxw==}
    hasBin: true

  '@pnpm/linux-arm64@11.10.0':
    resolution: {integrity: sha512-NbvDeUfs0SJuli9OPvgVvmnlbo2DvJ861XGXKrzgLu5AuTnLDLXgbZEEUd8mJ5I0YNrqOVXSWVfWEqiAazWzPA==}
    cpu: [arm64]
    os: [linux]

  '@pnpm/linux-x64@11.10.0':
    resolution: {integrity: sha512-kdgb8BXZ/3XQ0x2cOmgLmsij7+SUIqd1bcV6OZhdGzQiDrOY6FAPrR+Y2Bp+NjrrhjzMHVm5pZrrmdeC67ymSQ==}
    cpu: [x64]
    os: [linux]

  '@pnpm/linuxstatic-arm64@11.10.0':
    resolution: {integrity: sha512-JE1WrSyKGvqGQgWzqrMXn//ehedpiRax3hi1oP+v6mhvcnlJD1lpfXsjSfIFl9weTWC5KVtFbxSNKbKWfP+v6g==}
    cpu: [arm64]
    os: [linux]
    libc: [musl]

  '@pnpm/linuxstatic-x64@11.10.0':
    resolution: {integrity: sha512-1TBZVRkWb78GnsusIfVgwz20MOOW0fyehW+qLL3MxE9vT0IedNWsAhe3KWXgEvtC4M7NtMt55uQQJm+1egwBkA==}
    cpu: [x64]
    os: [linux]
    libc: [musl]

  '@pnpm/macos-arm64@11.10.0':
    resolution: {integrity: sha512-94AVpPixBqyNT6SHYvIKFb1bfaHR5vxBzZsiFJahNSlGkgyPrgzmcqDiloZ/Jl+zxJd8L5PU1ddP0Q9PZnRqlA==}
    cpu: [arm64]
    os: [darwin]

  '@pnpm/win-arm64@11.10.0':
    resolution: {integrity: sha512-g2Ymnq+LgVyZaWsGBQSlpIcBCOOxyLky2UX+kTwGiIXnj6k/xXqZR0ZJLuxeiGNh/CVmhftOqokpyJNzyj8kng==}
    cpu: [arm64]
    os: [win32]

  '@pnpm/win-x64@11.10.0':
    resolution: {integrity: sha512-kCHYZudUEBjrEchgnJUnNHCdvLXpUZun2z0rMAeP5DymsaXwEVvVzGj220iR/NyhgDocJUmgtTKtwL/ejL785Q==}
    cpu: [x64]
    os: [win32]

  '@reflink/reflink-darwin-arm64@0.1.19':
    resolution: {integrity: sha512-ruy44Lpepdk1FqDz38vExBY/PVUsjxZA+chd9wozjUH9JjuDT/HEaQYA6wYN9mf041l0yLVar6BCZuWABJvHSA==}
    engines: {node: '>= 10'}
    cpu: [arm64]
    os: [darwin]

  '@reflink/reflink-darwin-x64@0.1.19':
    resolution: {integrity: sha512-By85MSWrMZa+c26TcnAy8SDk0sTUkYlNnwknSchkhHpGXOtjNDUOxJE9oByBnGbeuIE1PiQsxDG3Ud+IVV9yuA==}
    engines: {node: '>= 10'}
    cpu: [x64]
    os: [darwin]

  '@reflink/reflink-linux-arm64-gnu@0.1.19':
    resolution: {integrity: sha512-7P+er8+rP9iNeN+bfmccM4hTAaLP6PQJPKWSA4iSk2bNvo6KU6RyPgYeHxXmzNKzPVRcypZQTpFgstHam6maVg==}
    engines: {node: '>= 10'}
    cpu: [arm64]
    os: [linux]
    libc: [glibc]

  '@reflink/reflink-linux-arm64-musl@0.1.19':
    resolution: {integrity: sha512-37iO/Dp6m5DDaC2sf3zPtx/hl9FV3Xze4xoYidrxxS9bgP3S8ALroxRK6xBG/1TtfXKTvolvp+IjrUU6ujIGmA==}
    engines: {node: '>= 10'}
    cpu: [arm64]
    os: [linux]
    libc: [musl]

  '@reflink/reflink-linux-x64-gnu@0.1.19':
    resolution: {integrity: sha512-jbI8jvuYCaA3MVUdu8vLoLAFqC+iNMpiSuLbxlAgg7x3K5bsS8nOpTRnkLF7vISJ+rVR8W+7ThXlXlUQ93ulkw==}
    engines: {node: '>= 10'}
    cpu: [x64]
    os: [linux]
    libc: [glibc]

  '@reflink/reflink-linux-x64-musl@0.1.19':
    resolution: {integrity: sha512-e9FBWDe+lv7QKAwtKOt6A2W/fyy/aEEfr0g6j/hWzvQcrzHCsz07BNQYlNOjTfeytrtLU7k449H1PI95jA4OjQ==}
    engines: {node: '>= 10'}
    cpu: [x64]
    os: [linux]
    libc: [musl]

  '@reflink/reflink-win32-arm64-msvc@0.1.19':
    resolution: {integrity: sha512-09PxnVIQcd+UOn4WAW73WU6PXL7DwGS6wPlkMhMg2zlHHG65F3vHepOw06HFCq+N42qkaNAc8AKIabWvtk6cIQ==}
    engines: {node: '>= 10'}
    cpu: [arm64]
    os: [win32]

  '@reflink/reflink-win32-x64-msvc@0.1.19':
    resolution: {integrity: sha512-E//yT4ni2SyhwP8JRjVGWr3cbnhWDiPLgnQ66qqaanjjnMiu3O/2tjCPQXlcGc/DEYofpDc9fvhv6tALQsMV9w==}
    engines: {node: '>= 10'}
    cpu: [x64]
    os: [win32]

  '@reflink/reflink@0.1.19':
    resolution: {integrity: sha512-DmCG8GzysnCZ15bres3N5AHCmwBwYgp0As6xjhQ47rAUTUXxJiK+lLUxaGsX3hd/30qUpVElh05PbGuxRPgJwA==}
    engines: {node: '>= 10'}

  detect-libc@2.1.2:
    resolution: {integrity: sha512-Btj2BOOO83o3WyH59e8MgXsxEQVcarkUOpEYrubB0urwnN10yQ364rsiByU11nZlqWYZm05i/of7io4mzihBtQ==}
    engines: {node: '>=8'}

  pnpm@11.10.0:
    resolution: {integrity: sha512-C3+LmAYAMZBMAX46QesYehbUDuuCm5XE+MsDaBdh/Eq1PdIZEVubRH9NzhoFohR2RGHn03AzkqnzL5URzoyGyA==}
    engines: {node: '>=22.13'}
    hasBin: true

snapshots:

  '@pnpm/exe@11.10.0':
    dependencies:
      '@reflink/reflink': 0.1.19
      detect-libc: 2.1.2
    optionalDependencies:
      '@pnpm/linux-arm64': 11.10.0
      '@pnpm/linux-x64': 11.10.0
      '@pnpm/linuxstatic-arm64': 11.10.0
      '@pnpm/linuxstatic-x64': 11.10.0
      '@pnpm/macos-arm64': 11.10.0
      '@pnpm/win-arm64': 11.10.0
      '@pnpm/win-x64': 11.10.0

  '@pnpm/linux-arm64@11.10.0':
    optional: true

  '@pnpm/linux-x64@11.10.0':
    optional: true

  '@pnpm/linuxstatic-arm64@11.10.0':
    optional: true

  '@pnpm/linuxstatic-x64@11.10.0':
    optional: true

  '@pnpm/macos-arm64@11.10.0':
    optional: true

  '@pnpm/win-arm64@11.10.0':
    optional: true

  '@pnpm/win-x64@11.10.0':
    optional: true

  '@reflink/reflink-darwin-arm64@0.1.19':
    optional: true

  '@reflink/reflink-darwin-x64@0.1.19':
    optional: true

  '@reflink/reflink-linux-arm64-gnu@0.1.19':
    optional: true

  '@reflink/reflink-linux-arm64-musl@0.1.19':
    optional: true

  '@reflink/reflink-linux-x64-gnu@0.1.19':
    optional: true

  '@reflink/reflink-linux-x64-musl@0.1.19':
    optional: true

  '@reflink/reflink-win32-arm64-msvc@0.1.19':
    optional: true

  '@reflink/reflink-win32-x64-msvc@0.1.19':
    optional: true

  '@reflink/reflink@0.1.19':
    optionalDependencies:
      '@reflink/reflink-darwin-arm64': 0.1.19
      '@reflink/reflink-darwin-x64': 0.1.19
      '@reflink/reflink-linux-arm64-gnu': 0.1.19
      '@reflink/reflink-linux-arm64-musl': 0.1.19
      '@reflink/reflink-linux-x64-gnu': 0.1.19
      '@reflink/reflink-linux-x64-musl': 0.1.19
      '@reflink/reflink-win32-arm64-msvc': 0.1.19
      '@reflink/reflink-win32-x64-msvc': 0.1.19

  detect-libc@2.1.2: {}

  pnpm@11.10.0: {}

---
lockfileVersion: '9.0'

settings:
  autoInstallPeers: true
  excludeLinksFromLockfile: false

importers:

  .:
    dependencies:
      '@spautz/basic-library-template':
        specifier: file:.yalc/@spautz/basic-library-template
        version: file:.yalc/@spautz/basic-library-template
    devDependencies:
      node:
        specifier: runtime:^26
        version: runtime:26.5.0

packages:

  '@spautz/basic-library-template@file:.yalc/@spautz/basic-library-template':
    resolution: {directory: .yalc/@spautz/basic-library-template, type: directory}

  node@runtime:26.5.0:
    resolution:
      type: variations
      variants:
        - resolution:
            archive: tarball
            bin:
              node: bin/node
            integrity: sha256-JFZ51EYpEte5pfFnqBBXligSgXt8+LKcIux5MnGS7eA=
            type: binary
            url: https://nodejs.org/download/release/v26.5.0/node-v26.5.0-aix-ppc64.tar.gz
          targets:
            - cpu: ppc64
              os: aix
        - resolution:
            archive: tarball
            bin:
              node: bin/node
            integrity: sha256-7pIFWaqiORVpz/TXN+O4OWNDDjoU3t2Rv+D/UxcbWvk=
            type: binary
            url: https://nodejs.org/download/release/v26.5.0/node-v26.5.0-darwin-arm64.tar.gz
          targets:
            - cpu: arm64
              os: darwin
        - resolution:
            archive: tarball
            bin:
              node: bin/node
            integrity: sha256-mCkzlMlFok5k4AtBd78HXslj6nCzTR0uJL1KcXFtM08=
            type: binary
            url: https://nodejs.org/download/release/v26.5.0/node-v26.5.0-darwin-x64.tar.gz
          targets:
            - cpu: x64
              os: darwin
        - resolution:
            archive: tarball
            bin:
              node: bin/node
            integrity: sha256-MI5f6JqCRhulps8V/1Ihss29euh2AKpyuzw/vcZkEtE=
            type: binary
            url: https://nodejs.org/download/release/v26.5.0/node-v26.5.0-linux-arm64.tar.gz
          targets:
            - cpu: arm64
              os: linux
        - resolution:
            archive: tarball
            bin:
              node: bin/node
            integrity: sha256-ftjaaaLvAIhT4o+v4Tz+2drA/gHg74OxqOxbm4VX7Sg=
            type: binary
            url: https://nodejs.org/download/release/v26.5.0/node-v26.5.0-linux-ppc64le.tar.gz
          targets:
            - cpu: ppc64le
              os: linux
        - resolution:
            archive: tarball
            bin:
              node: bin/node
            integrity: sha256-1nOVmxOQ4dCGX9euj7mBsWaX22NFoQsU4TDDAs9MvCg=
            type: binary
            url: https://nodejs.org/download/release/v26.5.0/node-v26.5.0-linux-s390x.tar.gz
          targets:
            - cpu: s390x
              os: linux
        - resolution:
            archive: tarball
            bin:
              node: bin/node
            integrity: sha256-IrX0etaueIN+TCuEYBmWXOGga6FD3hdhAilKG/RPxnc=
            type: binary
            url: https://nodejs.org/download/release/v26.5.0/node-v26.5.0-linux-x64.tar.gz
          targets:
            - cpu: x64
              os: linux
        - resolution:
            archive: zip
            bin:
              node: node.exe
            integrity: sha256-wM+lh3tt50MwHmIvWrxNJvsP+HmK3/yP/9KIX0JgCLo=
            prefix: node-v26.5.0-win-arm64
            type: binary
            url: https://nodejs.org/download/release/v26.5.0/node-v26.5.0-win-arm64.zip
          targets:
            - cpu: arm64
              os: win32
        - resolution:
            archive: zip
            bin:
              node: node.exe
            integrity: sha256-07InfbzM/fJO9jApKPZPSEz/HXem08qjoo9NIM6RWPY=
            prefix: node-v26.5.0-win-x64
            type: binary
            url: https://nodejs.org/download/release/v26.5.0/node-v26.5.0-win-x64.zip
          targets:
            - cpu: x64
              os: win32
        - resolution:
            archive: tarball
            bin:
              node: bin/node
            integrity: sha256-GrMa72VhGRaT82bKzXW7zvoDAeSaGLwFVUwhiTu9tJA=
            type: binary
            url: https://unofficial-builds.nodejs.org/download/release/v26.5.0/node-v26.5.0-linux-arm64-musl.tar.gz
          targets:
            - cpu: arm64
              os: linux
              libc: musl
        - resolution:
            archive: tarball
            bin:
              node: bin/node
            integrity: sha256-APE5hBGkIWxabsqtO4JaDaXsAOee6MFzq2WglNl7mtg=
            type: binary
            url: https://unofficial-builds.nodejs.org/download/release/v26.5.0/node-v26.5.0-linux-x64-musl.tar.gz
          targets:
            - cpu: x64
              os: linux
              libc: musl
    version: 26.5.0
    hasBin: true

snapshots:

  '@spautz/basic-library-template@file:.yalc/@spautz/basic-library-template': {}

  node@runtime:26.5.0: {}
