{
  "name": "node22-cjs",
  "lockfileVersion": 3,
  "requires": true,
  "packages": {
    "": {
      "name": "node22-cjs",
      "hasInstallScript": true,
      "dependencies": {
        "@spautz/node-library-template": "file:.yalc/@spautz/node-library-template"
      },
      "devDependencies": {},
      "engines": {
        "node": "^22"
      }
    },
    ".yalc/@spautz/node-library-template": {
      "version": "0.3.1+375e2fcb",
      "license": "MIT"
    },
    "node_modules/@spautz/node-library-template": {
      "resolved": ".yalc/@spautz/node-library-template",
      "link": true
    }
  }
}
