{
  "name": "node24-cjs",
  "lockfileVersion": 3,
  "requires": true,
  "packages": {
    "": {
      "name": "node24-cjs",
      "hasInstallScript": true,
      "dependencies": {
        "@spautz/basic-library-template": "file:.yalc/@spautz/basic-library-template"
      },
      "devDependencies": {},
      "engines": {
        "node": "^24"
      }
    },
    ".yalc/@spautz/basic-library-template": {
      "version": "0.3.1+83b8d824",
      "license": "MIT"
    },
    "node_modules/@spautz/basic-library-template": {
      "resolved": ".yalc/@spautz/basic-library-template",
      "link": true
    }
  }
}
